
Microsoft Visual Studio Solution File, Format Version 12.00
# Visual Studio Version 16
VisualStudioVersion = 16.0.30413.136
MinimumVisualStudioVersion = 10.0.40219.1
Project("{FAE04EC0-301F-11D3-BF4B-00C04F79EFBC}") = "BasketballStats", "BasketballStats\BasketballStats.csproj", "{BC499C69-5D43-4D52-93F1-D4E87C3D266C}"
EndProject
Global
	GlobalSection(SolutionConfigurationPlatforms) = preSolution
		Debug|Any CPU = Debug|Any CPU
		Release|Any CPU = Release|Any CPU
	EndGlobalSection
	GlobalSection(ProjectConfigurationPlatforms) = postSolution
		{BC499C69-5D43-4D52-93F1-D4E87C3D266C}.Debug|Any CPU.ActiveCfg = Debug|Any CPU
		{BC499C69-5D43-4D52-93F1-D4E87C3D266C}.Debug|Any CPU.Build.0 = Debug|Any CPU
		{BC499C69-5D43-4D52-93F1-D4E87C3D266C}.Release|Any CPU.ActiveCfg = Release|Any CPU
		{BC499C69-5D43-4D52-93F1-D4E87C3D266C}.Release|Any CPU.Build.0 = Release|Any CPU
	EndGlobalSection
	GlobalSection(SolutionProperties) = preSolution
		HideSolutionNode = FALSE
	EndGlobalSection
	GlobalSection(ExtensibilityGlobals) = postSolution
		SolutionGuid = {D67D5269-E24F-44F6-B824-3C5ABEF92C86}
	EndGlobalSection
EndGlobal
