
Microsoft Visual Studio Solution File, Format Version 12.00
# Visual Studio Version 16
VisualStudioVersion = 16.0.30413.136
MinimumVisualStudioVersion = 10.0.40219.1
Project("{FAE04EC0-301F-11D3-BF4B-00C04F79EFBC}") = "PigTournament", "PigTournament\PigTournament.csproj", "{A7E2CD46-5860-426F-86FE-0CF85731239E}"
EndProject
Global
	GlobalSection(SolutionConfigurationPlatforms) = preSolution
		Debug|Any CPU = Debug|Any CPU
		Release|Any CPU = Release|Any CPU
	EndGlobalSection
	GlobalSection(ProjectConfigurationPlatforms) = postSolution
		{A7E2CD46-5860-426F-86FE-0CF85731239E}.Debug|Any CPU.ActiveCfg = Debug|Any CPU
		{A7E2CD46-5860-426F-86FE-0CF85731239E}.Debug|Any CPU.Build.0 = Debug|Any CPU
		{A7E2CD46-5860-426F-86FE-0CF85731239E}.Release|Any CPU.ActiveCfg = Release|Any CPU
		{A7E2CD46-5860-426F-86FE-0CF85731239E}.Release|Any CPU.Build.0 = Release|Any CPU
	EndGlobalSection
	GlobalSection(SolutionProperties) = preSolution
		HideSolutionNode = FALSE
	EndGlobalSection
	GlobalSection(ExtensibilityGlobals) = postSolution
		SolutionGuid = {F5719B9D-A82B-4C49-9E87-3537D92E77FD}
	EndGlobalSection
EndGlobal
