
Microsoft Visual Studio Solution File, Format Version 12.00
# Visual Studio Version 16
VisualStudioVersion = 16.0.30413.136
MinimumVisualStudioVersion = 10.0.40219.1
Project("{FAE04EC0-301F-11D3-BF4B-00C04F79EFBC}") = "SlotMachineStarterCode", "SlotMachineStarterCode\SlotMachineStarterCode.csproj", "{E46D03D9-F7B3-4AC0-82FF-C397C1C5C59F}"
EndProject
Global
	GlobalSection(SolutionConfigurationPlatforms) = preSolution
		Debug|Any CPU = Debug|Any CPU
		Release|Any CPU = Release|Any CPU
	EndGlobalSection
	GlobalSection(ProjectConfigurationPlatforms) = postSolution
		{E46D03D9-F7B3-4AC0-82FF-C397C1C5C59F}.Debug|Any CPU.ActiveCfg = Debug|Any CPU
		{E46D03D9-F7B3-4AC0-82FF-C397C1C5C59F}.Debug|Any CPU.Build.0 = Debug|Any CPU
		{E46D03D9-F7B3-4AC0-82FF-C397C1C5C59F}.Release|Any CPU.ActiveCfg = Release|Any CPU
		{E46D03D9-F7B3-4AC0-82FF-C397C1C5C59F}.Release|Any CPU.Build.0 = Release|Any CPU
	EndGlobalSection
	GlobalSection(SolutionProperties) = preSolution
		HideSolutionNode = FALSE
	EndGlobalSection
	GlobalSection(ExtensibilityGlobals) = postSolution
		SolutionGuid = {7C287A2F-20AA-4650-90AE-685C07772CD1}
	EndGlobalSection
EndGlobal
