
Microsoft Visual Studio Solution File, Format Version 12.00
# Visual Studio Version 16
VisualStudioVersion = 16.0.30413.136
MinimumVisualStudioVersion = 10.0.40219.1
Project("{FAE04EC0-301F-11D3-BF4B-00C04F79EFBC}") = "Fractions", "Fractions\Fractions.csproj", "{2CA7FB51-9EA5-4EC7-A98A-5676CDF6827B}"
EndProject
Global
	GlobalSection(SolutionConfigurationPlatforms) = preSolution
		Debug|Any CPU = Debug|Any CPU
		Release|Any CPU = Release|Any CPU
	EndGlobalSection
	GlobalSection(ProjectConfigurationPlatforms) = postSolution
		{2CA7FB51-9EA5-4EC7-A98A-5676CDF6827B}.Debug|Any CPU.ActiveCfg = Debug|Any CPU
		{2CA7FB51-9EA5-4EC7-A98A-5676CDF6827B}.Debug|Any CPU.Build.0 = Debug|Any CPU
		{2CA7FB51-9EA5-4EC7-A98A-5676CDF6827B}.Release|Any CPU.ActiveCfg = Release|Any CPU
		{2CA7FB51-9EA5-4EC7-A98A-5676CDF6827B}.Release|Any CPU.Build.0 = Release|Any CPU
	EndGlobalSection
	GlobalSection(SolutionProperties) = preSolution
		HideSolutionNode = FALSE
	EndGlobalSection
	GlobalSection(ExtensibilityGlobals) = postSolution
		SolutionGuid = {A228D166-7783-4915-B31A-3EE3B0EFBEC4}
	EndGlobalSection
EndGlobal
